// !$*UTF8*$!
{
	archiveVersion = 1;
	classes = {
	};
	objectVersion = 55;
	objects = {

/* Begin PBXBuildFile section */
		74780762297437C300961712 /* AppDelegate.swift in Sources */ = {isa = PBXBuildFile; fileRef = 74780761297437C300961712 /* AppDelegate.swift */; };
		74780764297437C300961712 /* SceneDelegate.swift in Sources */ = {isa = PBXBuildFile; fileRef = 74780763297437C300961712 /* SceneDelegate.swift */; };
		74780769297437C300961712 /* Main.storyboard in Resources */ = {isa = PBXBuildFile; fileRef = 74780767297437C300961712 /* Main.storyboard */; };
		7478076B297437C600961712 /* Assets.xcassets in Resources */ = {isa = PBXBuildFile; fileRef = 7478076A297437C600961712 /* Assets.xcassets */; };
		7478076E297437C600961712 /* LaunchScreen.storyboard in Resources */ = {isa = PBXBuildFile; fileRef = 7478076C297437C600961712 /* LaunchScreen.storyboard */; };
		7478077E297439ED00961712 /* TasksListTVC.swift in Sources */ = {isa = PBXBuildFile; fileRef = 7478077D297439ED00961712 /* TasksListTVC.swift */; };
		7478078229743A9500961712 /* TasksList.swift in Sources */ = {isa = PBXBuildFile; fileRef = 7478078129743A9500961712 /* TasksList.swift */; };
		7478078429743AB100961712 /* List.swift in Sources */ = {isa = PBXBuildFile; fileRef = 7478078329743AB100961712 /* List.swift */; };
		7478078629743B5300961712 /* StorageManager.swift in Sources */ = {isa = PBXBuildFile; fileRef = 7478078529743B5300961712 /* StorageManager.swift */; };
		7485D33F2974736400CA9E95 /* TasksTVC.swift in Sources */ = {isa = PBXBuildFile; fileRef = 7485D33E2974736400CA9E95 /* TasksTVC.swift */; };
		7485D3422974768F00CA9E95 /* UITableViewCellExt.swift in Sources */ = {isa = PBXBuildFile; fileRef = 7485D3412974768F00CA9E95 /* UITableViewCellExt.swift */; };
		7485D344297476B600CA9E95 /* UIAlertControllerExt.swift in Sources */ = {isa = PBXBuildFile; fileRef = 7485D343297476B600CA9E95 /* UIAlertControllerExt.swift */; };
		74C4041629743F28004ED0E4 /* Realm in Frameworks */ = {isa = PBXBuildFile; productRef = 74C4041529743F28004ED0E4 /* Realm */; };
		74C4041829743F28004ED0E4 /* RealmSwift in Frameworks */ = {isa = PBXBuildFile; productRef = 74C4041729743F28004ED0E4 /* RealmSwift */; };
/* End PBXBuildFile section */

/* Begin PBXFileReference section */
		7478075E297437C300961712 /* RealmApp.app */ = {isa = PBXFileReference; explicitFileType = wrapper.application; includeInIndex = 0; path = RealmApp.app; sourceTree = BUILT_PRODUCTS_DIR; };
		74780761297437C300961712 /* AppDelegate.swift */ = {isa = PBXFileReference; lastKnownFileType = sourcecode.swift; path = AppDelegate.swift; sourceTree = "<group>"; };
		74780763297437C300961712 /* SceneDelegate.swift */ = {isa = PBXFileReference; lastKnownFileType = sourcecode.swift; path = SceneDelegate.swift; sourceTree = "<group>"; };
		74780768297437C300961712 /* Base */ = {isa = PBXFileReference; lastKnownFileType = file.storyboard; name = Base; path = Base.lproj/Main.storyboard; sourceTree = "<group>"; };
		7478076A297437C600961712 /* Assets.xcassets */ = {isa = PBXFileReference; lastKnownFileType = folder.assetcatalog; path = Assets.xcassets; sourceTree = "<group>"; };
		7478076D297437C600961712 /* Base */ = {isa = PBXFileReference; lastKnownFileType = file.storyboard; name = Base; path = Base.lproj/LaunchScreen.storyboard; sourceTree = "<group>"; };
		7478076F297437C600961712 /* Info.plist */ = {isa = PBXFileReference; lastKnownFileType = text.plist.xml; path = Info.plist; sourceTree = "<group>"; };
		7478077D297439ED00961712 /* TasksListTVC.swift */ = {isa = PBXFileReference; lastKnownFileType = sourcecode.swift; path = TasksListTVC.swift; sourceTree = "<group>"; };
		7478078129743A9500961712 /* TasksList.swift */ = {isa = PBXFileReference; lastKnownFileType = sourcecode.swift; path = TasksList.swift; sourceTree = "<group>"; };
		7478078329743AB100961712 /* List.swift */ = {isa = PBXFileReference; lastKnownFileType = sourcecode.swift; path = List.swift; sourceTree = "<group>"; };
		7478078529743B5300961712 /* StorageManager.swift */ = {isa = PBXFileReference; lastKnownFileType = sourcecode.swift; path = StorageManager.swift; sourceTree = "<group>"; };
		7485D33E2974736400CA9E95 /* TasksTVC.swift */ = {isa = PBXFileReference; lastKnownFileType = sourcecode.swift; path = TasksTVC.swift; sourceTree = "<group>"; };
		7485D3412974768F00CA9E95 /* UITableViewCellExt.swift */ = {isa = PBXFileReference; lastKnownFileType = sourcecode.swift; path = UITableViewCellExt.swift; sourceTree = "<group>"; };
		7485D343297476B600CA9E95 /* UIAlertControllerExt.swift */ = {isa = PBXFileReference; lastKnownFileType = sourcecode.swift; path = UIAlertControllerExt.swift; sourceTree = "<group>"; };
/* End PBXFileReference section */

/* Begin PBXFrameworksBuildPhase section */
		7478075B297437C300961712 /* Frameworks */ = {
			isa = PBXFrameworksBuildPhase;
			buildActionMask = 2147483647;
			files = (
				74C4041829743F28004ED0E4 /* RealmSwift in Frameworks */,
				74C4041629743F28004ED0E4 /* Realm in Frameworks */,
			);
			runOnlyForDeploymentPostprocessing = 0;
		};
/* End PBXFrameworksBuildPhase section */

/* Begin PBXGroup section */
		74780755297437C300961712 = {
			isa = PBXGroup;
			children = (
				74780760297437C300961712 /* RealmApp */,
				7478075F297437C300961712 /* Products */,
			);
			sourceTree = "<group>";
		};
		7478075F297437C300961712 /* Products */ = {
			isa = PBXGroup;
			children = (
				7478075E297437C300961712 /* RealmApp.app */,
			);
			name = Products;
			sourceTree = "<group>";
		};
		74780760297437C300961712 /* RealmApp */ = {
			isa = PBXGroup;
			children = (
				7485D3402974766800CA9E95 /* Extentions */,
				7478078029743A5A00961712 /* Managers */,
				7478077F29743A2700961712 /* Models */,
				747807772974380C00961712 /* Views */,
				74780776297437F000961712 /* Controllers */,
				74780775297437D900961712 /* AppDelegates */,
				7478076A297437C600961712 /* Assets.xcassets */,
				7478076F297437C600961712 /* Info.plist */,
			);
			path = RealmApp;
			sourceTree = "<group>";
		};
		74780775297437D900961712 /* AppDelegates */ = {
			isa = PBXGroup;
			children = (
				74780761297437C300961712 /* AppDelegate.swift */,
				74780763297437C300961712 /* SceneDelegate.swift */,
			);
			path = AppDelegates;
			sourceTree = "<group>";
		};
		74780776297437F000961712 /* Controllers */ = {
			isa = PBXGroup;
			children = (
				7478077D297439ED00961712 /* TasksListTVC.swift */,
				7485D33E2974736400CA9E95 /* TasksTVC.swift */,
			);
			path = Controllers;
			sourceTree = "<group>";
		};
		747807772974380C00961712 /* Views */ = {
			isa = PBXGroup;
			children = (
				74780767297437C300961712 /* Main.storyboard */,
				7478076C297437C600961712 /* LaunchScreen.storyboard */,
			);
			path = Views;
			sourceTree = "<group>";
		};
		7478077F29743A2700961712 /* Models */ = {
			isa = PBXGroup;
			children = (
				7478078129743A9500961712 /* TasksList.swift */,
				7478078329743AB100961712 /* List.swift */,
			);
			path = Models;
			sourceTree = "<group>";
		};
		7478078029743A5A00961712 /* Managers */ = {
			isa = PBXGroup;
			children = (
				7478078529743B5300961712 /* StorageManager.swift */,
			);
			path = Managers;
			sourceTree = "<group>";
		};
		7485D3402974766800CA9E95 /* Extentions */ = {
			isa = PBXGroup;
			children = (
				7485D3412974768F00CA9E95 /* UITableViewCellExt.swift */,
				7485D343297476B600CA9E95 /* UIAlertControllerExt.swift */,
			);
			path = Extentions;
			sourceTree = "<group>";
		};
/* End PBXGroup section */

/* Begin PBXNativeTarget section */
		7478075D297437C300961712 /* RealmApp */ = {
			isa = PBXNativeTarget;
			buildConfigurationList = 74780772297437C600961712 /* Build configuration list for PBXNativeTarget "RealmApp" */;
			buildPhases = (
				7478075A297437C300961712 /* Sources */,
				7478075B297437C300961712 /* Frameworks */,
				7478075C297437C300961712 /* Resources */,
			);
			buildRules = (
			);
			dependencies = (
			);
			name = RealmApp;
			packageProductDependencies = (
				74C4041529743F28004ED0E4 /* Realm */,
				74C4041729743F28004ED0E4 /* RealmSwift */,
			);
			productName = RealmApp;
			productReference = 7478075E297437C300961712 /* RealmApp.app */;
			productType = "com.apple.product-type.application";
		};
/* End PBXNativeTarget section */

/* Begin PBXProject section */
		74780756297437C300961712 /* Project object */ = {
			isa = PBXProject;
			attributes = {
				BuildIndependentTargetsInParallel = 1;
				LastSwiftUpdateCheck = 1320;
				LastUpgradeCheck = 1320;
				TargetAttributes = {
					7478075D297437C300961712 = {
						CreatedOnToolsVersion = 13.2.1;
					};
				};
			};
			buildConfigurationList = 74780759297437C300961712 /* Build configuration list for PBXProject "RealmApp" */;
			compatibilityVersion = "Xcode 13.0";
			developmentRegion = en;
			hasScannedForEncodings = 0;
			knownRegions = (
				en,
				Base,
			);
			mainGroup = 74780755297437C300961712;
			packageReferences = (
				74C4041429743F28004ED0E4 /* XCRemoteSwiftPackageReference "realm-swift" */,
			);
			productRefGroup = 7478075F297437C300961712 /* Products */;
			projectDirPath = "";
			projectRoot = "";
			targets = (
				7478075D297437C300961712 /* RealmApp */,
			);
		};
/* End PBXProject section */

/* Begin PBXResourcesBuildPhase section */
		7478075C297437C300961712 /* Resources */ = {
			isa = PBXResourcesBuildPhase;
			buildActionMask = 2147483647;
			files = (
				7478076E297437C600961712 /* LaunchScreen.storyboard in Resources */,
				7478076B297437C600961712 /* Assets.xcassets in Resources */,
				74780769297437C300961712 /* Main.storyboard in Resources */,
			);
			runOnlyForDeploymentPostprocessing = 0;
		};
/* End PBXResourcesBuildPhase section */

/* Begin PBXSourcesBuildPhase section */
		7478075A297437C300961712 /* Sources */ = {
			isa = PBXSourcesBuildPhase;
			buildActionMask = 2147483647;
			files = (
				7478078229743A9500961712 /* TasksList.swift in Sources */,
				7485D3422974768F00CA9E95 /* UITableViewCellExt.swift in Sources */,
				74780762297437C300961712 /* AppDelegate.swift in Sources */,
				7485D33F2974736400CA9E95 /* TasksTVC.swift in Sources */,
				7478077E297439ED00961712 /* TasksListTVC.swift in Sources */,
				7478078629743B5300961712 /* StorageManager.swift in Sources */,
				7485D344297476B600CA9E95 /* UIAlertControllerExt.swift in Sources */,
				7478078429743AB100961712 /* List.swift in Sources */,
				74780764297437C300961712 /* SceneDelegate.swift in Sources */,
			);
			runOnlyForDeploymentPostprocessing = 0;
		};
/* End PBXSourcesBuildPhase section */

/* Begin PBXVariantGroup section */
		74780767297437C300961712 /* Main.storyboard */ = {
			isa = PBXVariantGroup;
			children = (
				74780768297437C300961712 /* Base */,
			);
			name = Main.storyboard;
			sourceTree = "<group>";
		};
		7478076C297437C600961712 /* LaunchScreen.storyboard */ = {
			isa = PBXVariantGroup;
			children = (
				7478076D297437C600961712 /* Base */,
			);
			name = LaunchScreen.storyboard;
			sourceTree = "<group>";
		};
/* End PBXVariantGroup section */

/* Begin XCBuildConfiguration section */
		74780770297437C600961712 /* Debug */ = {
			isa = XCBuildConfiguration;
			buildSettings = {
				ALWAYS_SEARCH_USER_PATHS = NO;
				CLANG_ANALYZER_NONNULL = YES;
				CLANG_ANALYZER_NUMBER_OBJECT_CONVERSION = YES_AGGRESSIVE;
				CLANG_CXX_LANGUAGE_STANDARD = "gnu++17";
				CLANG_CXX_LIBRARY = "libc++";
				CLANG_ENABLE_MODULES = YES;
				CLANG_ENABLE_OBJC_ARC = YES;
				CLANG_ENABLE_OBJC_WEAK = YES;
				CLANG_WARN_BLOCK_CAPTURE_AUTORELEASING = YES;
				CLANG_WARN_BOOL_CONVERSION = YES;
				CLANG_WARN_COMMA = YES;
				CLANG_WARN_CONSTANT_CONVERSION = YES;
				CLANG_WARN_DEPRECATED_OBJC_IMPLEMENTATIONS = YES;
				CLANG_WARN_DIRECT_OBJC_ISA_USAGE = YES_ERROR;
				CLANG_WARN_DOCUMENTATION_COMMENTS = YES;
				CLANG_WARN_EMPTY_BODY = YES;
				CLANG_WARN_ENUM_CONVERSION = YES;
				CLANG_WARN_INFINITE_RECURSION = YES;
				CLANG_WARN_INT_CONVERSION = YES;
				CLANG_WARN_NON_LITERAL_NULL_CONVERSION = YES;
				CLANG_WARN_OBJC_IMPLICIT_RETAIN_SELF = YES;
				CLANG_WARN_OBJC_LITERAL_CONVERSION = YES;
				CLANG_WARN_OBJC_ROOT_CLASS = YES_ERROR;
				CLANG_WARN_QUOTED_INCLUDE_IN_FRAMEWORK_HEADER = YES;
				CLANG_WARN_RANGE_LOOP_ANALYSIS = YES;
				CLANG_WARN_STRICT_PROTOTYPES = YES;
				CLANG_WARN_SUSPICIOUS_MOVE = YES;
				CLANG_WARN_UNGUARDED_AVAILABILITY = YES_AGGRESSIVE;
				CLANG_WARN_UNREACHABLE_CODE = YES;
				CLANG_WARN__DUPLICATE_METHOD_MATCH = YES;
				COPY_PHASE_STRIP = NO;
				DEBUG_INFORMATION_FORMAT = dwarf;
				ENABLE_STRICT_OBJC_MSGSEND = YES;
				ENABLE_TESTABILITY = YES;
				GCC_C_LANGUAGE_STANDARD = gnu11;
				GCC_DYNAMIC_NO_PIC = NO;
				GCC_NO_COMMON_BLOCKS = YES;
				GCC_OPTIMIZATION_LEVEL = 0;
				GCC_PREPROCESSOR_DEFINITIONS = (
					"DEBUG=1",
					"$(inherited)",
				);
				GCC_WARN_64_TO_32_BIT_CONVERSION = YES;
				GCC_WARN_ABOUT_RETURN_TYPE = YES_ERROR;
				GCC_WARN_UNDECLARED_SELECTOR = YES;
				GCC_WARN_UNINITIALIZED_AUTOS = YES_AGGRESSIVE;
				GCC_WARN_UNUSED_FUNCTION = YES;
				GCC_WARN_UNUSED_VARIABLE = YES;
				IPHONEOS_DEPLOYMENT_TARGET = 15.2;
				MTL_ENABLE_DEBUG_INFO = INCLUDE_SOURCE;
				MTL_FAST_MATH = YES;
				ONLY_ACTIVE_ARCH = YES;
				SDKROOT = iphoneos;
				SWIFT_ACTIVE_COMPILATION_CONDITIONS = DEBUG;
				SWIFT_OPTIMIZATION_LEVEL = "-Onone";
			};
			name = Debug;
		};
		74780771297437C600961712 /* Release */ = {
			isa = XCBuildConfiguration;
			buildSettings = {
				ALWAYS_SEARCH_USER_PATHS = NO;
				CLANG_ANALYZER_NONNULL = YES;
				CLANG_ANALYZER_NUMBER_OBJECT_CONVERSION = YES_AGGRESSIVE;
				CLANG_CXX_LANGUAGE_STANDARD = "gnu++17";
				CLANG_CXX_LIBRARY = "libc++";
				CLANG_ENABLE_MODULES = YES;
				CLANG_ENABLE_OBJC_ARC = YES;
				CLANG_ENABLE_OBJC_WEAK = YES;
				CLANG_WARN_BLOCK_CAPTURE_AUTORELEASING = YES;
				CLANG_WARN_BOOL_CONVERSION = YES;
				CLANG_WARN_COMMA = YES;
				CLANG_WARN_CONSTANT_CONVERSION = YES;
				CLANG_WARN_DEPRECATED_OBJC_IMPLEMENTATIONS = YES;
				CLANG_WARN_DIRECT_OBJC_ISA_USAGE = YES_ERROR;
				CLANG_WARN_DOCUMENTATION_COMMENTS = YES;
				CLANG_WARN_EMPTY_BODY = YES;
				CLANG_WARN_ENUM_CONVERSION = YES;
				CLANG_WARN_INFINITE_RECURSION = YES;
				CLANG_WARN_INT_CONVERSION = YES;
				CLANG_WARN_NON_LITERAL_NULL_CONVERSION = YES;
				CLANG_WARN_OBJC_IMPLICIT_RETAIN_SELF = YES;
				CLANG_WARN_OBJC_LITERAL_CONVERSION = YES;
				CLANG_WARN_OBJC_ROOT_CLASS = YES_ERROR;
				CLANG_WARN_QUOTED_INCLUDE_IN_FRAMEWORK_HEADER = YES;
				CLANG_WARN_RANGE_LOOP_ANALYSIS = YES;
				CLANG_WARN_STRICT_PROTOTYPES = YES;
				CLANG_WARN_SUSPICIOUS_MOVE = YES;
				CLANG_WARN_UNGUARDED_AVAILABILITY = YES_AGGRESSIVE;
				CLANG_WARN_UNREACHABLE_CODE = YES;
				CLANG_WARN__DUPLICATE_METHOD_MATCH = YES;
				COPY_PHASE_STRIP = NO;
				DEBUG_INFORMATION_FORMAT = "dwarf-with-dsym";
				ENABLE_NS_ASSERTIONS = NO;
				ENABLE_STRICT_OBJC_MSGSEND = YES;
				GCC_C_LANGUAGE_STANDARD = gnu11;
				GCC_NO_COMMON_BLOCKS = YES;
				GCC_WARN_64_TO_32_BIT_CONVERSION = YES;
				GCC_WARN_ABOUT_RETURN_TYPE = YES_ERROR;
				GCC_WARN_UNDECLARED_SELECTOR = YES;
				GCC_WARN_UNINITIALIZED_AUTOS = YES_AGGRESSIVE;
				GCC_WARN_UNUSED_FUNCTION = YES;
				GCC_WARN_UNUSED_VARIABLE = YES;
				IPHONEOS_DEPLOYMENT_TARGET = 15.2;
				MTL_ENABLE_DEBUG_INFO = NO;
				MTL_FAST_MATH = YES;
				SDKROOT = iphoneos;
				SWIFT_COMPILATION_MODE = wholemodule;
				SWIFT_OPTIMIZATION_LEVEL = "-O";
				VALIDATE_PRODUCT = YES;
			};
			name = Release;
		};
		74780773297437C600961712 /* Debug */ = {
			isa = XCBuildConfiguration;
			buildSettings = {
				ASSETCATALOG_COMPILER_APPICON_NAME = AppIcon;
				ASSETCATALOG_COMPILER_GLOBAL_ACCENT_COLOR_NAME = AccentColor;
				CODE_SIGN_STYLE = Automatic;
				CURRENT_PROJECT_VERSION = 1;
				DEVELOPMENT_TEAM = LWK8GSZ2M7;
				GENERATE_INFOPLIST_FILE = YES;
				INFOPLIST_FILE = RealmApp/Info.plist;
				INFOPLIST_KEY_UIApplicationSupportsIndirectInputEvents = YES;
				INFOPLIST_KEY_UILaunchStoryboardName = LaunchScreen;
				INFOPLIST_KEY_UIMainStoryboardFile = Main;
				INFOPLIST_KEY_UISupportedInterfaceOrientations_iPad = "UIInterfaceOrientationPortrait UIInterfaceOrientationPortraitUpsideDown UIInterfaceOrientationLandscapeLeft UIInterfaceOrientationLandscapeRight";
				INFOPLIST_KEY_UISupportedInterfaceOrientations_iPhone = "UIInterfaceOrientationPortrait UIInterfaceOrientationLandscapeLeft UIInterfaceOrientationLandscapeRight";
				LD_RUNPATH_SEARCH_PATHS = (
					"$(inherited)",
					"@executable_path/Frameworks",
				);
				MARKETING_VERSION = 1.0;
				PRODUCT_BUNDLE_IDENTIFIER = dankou.RealmApp;
				PRODUCT_NAME = "$(TARGET_NAME)";
				SWIFT_EMIT_LOC_STRINGS = YES;
				SWIFT_VERSION = 5.0;
				TARGETED_DEVICE_FAMILY = "1,2";
			};
			name = Debug;
		};
		74780774297437C600961712 /* Release */ = {
			isa = XCBuildConfiguration;
			buildSettings = {
				ASSETCATALOG_COMPILER_APPICON_NAME = AppIcon;
				ASSETCATALOG_COMPILER_GLOBAL_ACCENT_COLOR_NAME = AccentColor;
				CODE_SIGN_STYLE = Automatic;
				CURRENT_PROJECT_VERSION = 1;
				DEVELOPMENT_TEAM = LWK8GSZ2M7;
				GENERATE_INFOPLIST_FILE = YES;
				INFOPLIST_FILE = RealmApp/Info.plist;
				INFOPLIST_KEY_UIApplicationSupportsIndirectInputEvents = YES;
				INFOPLIST_KEY_UILaunchStoryboardName = LaunchScreen;
				INFOPLIST_KEY_UIMainStoryboardFile = Main;
				INFOPLIST_KEY_UISupportedInterfaceOrientations_iPad = "UIInterfaceOrientationPortrait UIInterfaceOrientationPortraitUpsideDown UIInterfaceOrientationLandscapeLeft UIInterfaceOrientationLandscapeRight";
				INFOPLIST_KEY_UISupportedInterfaceOrientations_iPhone = "UIInterfaceOrientationPortrait UIInterfaceOrientationLandscapeLeft UIInterfaceOrientationLandscapeRight";
				LD_RUNPATH_SEARCH_PATHS = (
					"$(inherited)",
					"@executable_path/Frameworks",
				);
				MARKETING_VERSION = 1.0;
				PRODUCT_BUNDLE_IDENTIFIER = dankou.RealmApp;
				PRODUCT_NAME = "$(TARGET_NAME)";
				SWIFT_EMIT_LOC_STRINGS = YES;
				SWIFT_VERSION = 5.0;
				TARGETED_DEVICE_FAMILY = "1,2";
			};
			name = Release;
		};
/* End XCBuildConfiguration section */

/* Begin XCConfigurationList section */
		74780759297437C300961712 /* Build configuration list for PBXProject "RealmApp" */ = {
			isa = XCConfigurationList;
			buildConfigurations = (
				74780770297437C600961712 /* Debug */,
				74780771297437C600961712 /* Release */,
			);
			defaultConfigurationIsVisible = 0;
			defaultConfigurationName = Release;
		};
		74780772297437C600961712 /* Build configuration list for PBXNativeTarget "RealmApp" */ = {
			isa = XCConfigurationList;
			buildConfigurations = (
				74780773297437C600961712 /* Debug */,
				74780774297437C600961712 /* Release */,
			);
			defaultConfigurationIsVisible = 0;
			defaultConfigurationName = Release;
		};
/* End XCConfigurationList section */

/* Begin XCRemoteSwiftPackageReference section */
		74C4041429743F28004ED0E4 /* XCRemoteSwiftPackageReference "realm-swift" */ = {
			isa = XCRemoteSwiftPackageReference;
			repositoryURL = "https://github.com/realm/realm-swift.git";
			requirement = {
				kind = upToNextMinorVersion;
				minimumVersion = 10.33.0;
			};
		};
/* End XCRemoteSwiftPackageReference section */

/* Begin XCSwiftPackageProductDependency section */
		74C4041529743F28004ED0E4 /* Realm */ = {
			isa = XCSwiftPackageProductDependency;
			package = 74C4041429743F28004ED0E4 /* XCRemoteSwiftPackageReference "realm-swift" */;
			productName = Realm;
		};
		74C4041729743F28004ED0E4 /* RealmSwift */ = {
			isa = XCSwiftPackageProductDependency;
			package = 74C4041429743F28004ED0E4 /* XCRemoteSwiftPackageReference "realm-swift" */;
			productName = RealmSwift;
		};
/* End XCSwiftPackageProductDependency section */
	};
	rootObject = 74780756297437C300961712 /* Project object */;
}
